{
    "name": "vite-aliases",
    "version": "0.1.1",
    "lockfileVersion": 1,
    "requires": true,
    "dependencies": {
        "@types/node": {
            "version": "14.14.6",
            "resolved": "https://registry.npmjs.org/@types/node/-/node-14.14.6.tgz",
            "integrity": "sha512-6QlRuqsQ/Ox/aJEQWBEJG7A9+u7oSYl3mem/K8IzxXG/kAGbV1YPD9Bg9Zw3vyxC/YP+zONKwy8hGkSt1jxFMw==",
            "dev": true
        }
    }
}
